<?xml version="1.0" encoding="utf-8"?>
<Project ToolsVersion="4.0" xmlns="http://schemas.microsoft.com/developer/msbuild/2003">
  <ItemGroup>
    <CudaCompile Include="kernel.cu" />
  </ItemGroup>
  <ItemGroup>
    <Filter Include="3rdParty">
      <UniqueIdentifier>{cb4198b2-e1a4-4485-abcf-2611ebfc4f9b}</UniqueIdentifier>
    </Filter>
  </ItemGroup>
  <ItemGroup>
    <ClInclude Include="core_types.h" />
    <ClInclude Include="warps.h" />
    <ClInclude Include="cu_errors.h" />
    <ClInclude Include="cu_allocator.h" />
    <ClInclude Include="cu_math.h" />
    <ClInclude Include="ray_tracing.h" />
    <ClInclude Include="cu_rand.h" />
    <ClInclude Include="cu_tex2d.h" />
  </ItemGroup>
</Project>